
Microsoft Visual Studio Solution File, Format Version 12.00
# Visual Studio Version 16
VisualStudioVersion = 16.0.29509.3
MinimumVisualStudioVersion = 10.0.40219.1
Project("{9A19103F-16F7-4668-BE54-9A1E7A4F7556}") = "Intcode", "Intcode\Intcode.csproj", "{3D7C20A4-1CCB-4FE6-8810-6B8DA50619E0}"
EndProject
Project("{FAE04EC0-301F-11D3-BF4B-00C04F79EFBC}") = "Intcode.Test", "Intcode.Test\Intcode.Test.csproj", "{2D1C2FB6-9E92-4AE8-8EBD-A3FFC19F87EB}"
EndProject
Global
	GlobalSection(SolutionConfigurationPlatforms) = preSolution
		Debug|Any CPU = Debug|Any CPU
		Release|Any CPU = Release|Any CPU
	EndGlobalSection
	GlobalSection(ProjectConfigurationPlatforms) = postSolution
		{3D7C20A4-1CCB-4FE6-8810-6B8DA50619E0}.Debug|Any CPU.ActiveCfg = Debug|Any CPU
		{3D7C20A4-1CCB-4FE6-8810-6B8DA50619E0}.Debug|Any CPU.Build.0 = Debug|Any CPU
		{3D7C20A4-1CCB-4FE6-8810-6B8DA50619E0}.Release|Any CPU.ActiveCfg = Release|Any CPU
		{3D7C20A4-1CCB-4FE6-8810-6B8DA50619E0}.Release|Any CPU.Build.0 = Release|Any CPU
		{2D1C2FB6-9E92-4AE8-8EBD-A3FFC19F87EB}.Debug|Any CPU.ActiveCfg = Debug|Any CPU
		{2D1C2FB6-9E92-4AE8-8EBD-A3FFC19F87EB}.Debug|Any CPU.Build.0 = Debug|Any CPU
		{2D1C2FB6-9E92-4AE8-8EBD-A3FFC19F87EB}.Release|Any CPU.ActiveCfg = Release|Any CPU
		{2D1C2FB6-9E92-4AE8-8EBD-A3FFC19F87EB}.Release|Any CPU.Build.0 = Release|Any CPU
	EndGlobalSection
	GlobalSection(SolutionProperties) = preSolution
		HideSolutionNode = FALSE
	EndGlobalSection
	GlobalSection(ExtensibilityGlobals) = postSolution
		SolutionGuid = {3562ABE6-8045-49EC-AFBF-8462C69118DE}
	EndGlobalSection
EndGlobal
